
Microsoft Visual Studio Solution File, Format Version 12.00
# Visual Studio Version 17
VisualStudioVersion = 17.0.31912.275
MinimumVisualStudioVersion = 10.0.40219.1
Project("{9A19103F-16F7-4668-BE54-9A1E7A4F7556}") = "MusicReviewsWebsite", "MusicReviewsWebsite.csproj", "{4F1D91EB-9290-4CD3-B264-961B3BA53B2A}"
EndProject
Global
	GlobalSection(SolutionConfigurationPlatforms) = preSolution
		Debug|Any CPU = Debug|Any CPU
		Release|Any CPU = Release|Any CPU
	EndGlobalSection
	GlobalSection(ProjectConfigurationPlatforms) = postSolution
		{4F1D91EB-9290-4CD3-B264-961B3BA53B2A}.Debug|Any CPU.ActiveCfg = Debug|Any CPU
		{4F1D91EB-9290-4CD3-B264-961B3BA53B2A}.Debug|Any CPU.Build.0 = Debug|Any CPU
		{4F1D91EB-9290-4CD3-B264-961B3BA53B2A}.Release|Any CPU.ActiveCfg = Release|Any CPU
		{4F1D91EB-9290-4CD3-B264-961B3BA53B2A}.Release|Any CPU.Build.0 = Release|Any CPU
	EndGlobalSection
	GlobalSection(SolutionProperties) = preSolution
		HideSolutionNode = FALSE
	EndGlobalSection
	GlobalSection(ExtensibilityGlobals) = postSolution
		SolutionGuid = {FE125C17-FE9E-4EB9-9C00-62E0DC277511}
	EndGlobalSection
EndGlobal
